
Microsoft Visual Studio Solution File, Format Version 12.00
# Visual Studio Version 17
VisualStudioVersion = 17.14.36518.9
MinimumVisualStudioVersion = 10.0.40219.1
Project("{8BC9CEB8-8B4A-11D0-8D11-00A0C91BC942}") = "Ex01", "Exercícios.vcxproj", "{D59F8C5F-8624-40B5-9B4B-B7BAD725F0EF}"
EndProject
Project("{8BC9CEB8-8B4A-11D0-8D11-00A0C91BC942}") = "Ex02", "..\Ex02\Ex02.vcxproj", "{237BC139-055B-44F2-BF96-295173F50AEA}"
EndProject
Global
	GlobalSection(SolutionConfigurationPlatforms) = preSolution
		Debug|x64 = Debug|x64
		Debug|x86 = Debug|x86
		Release|x64 = Release|x64
		Release|x86 = Release|x86
	EndGlobalSection
	GlobalSection(ProjectConfigurationPlatforms) = postSolution
		{D59F8C5F-8624-40B5-9B4B-B7BAD725F0EF}.Debug|x64.ActiveCfg = Debug|x64
		{D59F8C5F-8624-40B5-9B4B-B7BAD725F0EF}.Debug|x64.Build.0 = Debug|x64
		{D59F8C5F-8624-40B5-9B4B-B7BAD725F0EF}.Debug|x86.ActiveCfg = Debug|Win32
		{D59F8C5F-8624-40B5-9B4B-B7BAD725F0EF}.Debug|x86.Build.0 = Debug|Win32
		{D59F8C5F-8624-40B5-9B4B-B7BAD725F0EF}.Release|x64.ActiveCfg = Release|x64
		{D59F8C5F-8624-40B5-9B4B-B7BAD725F0EF}.Release|x64.Build.0 = Release|x64
		{D59F8C5F-8624-40B5-9B4B-B7BAD725F0EF}.Release|x86.ActiveCfg = Release|Win32
		{D59F8C5F-8624-40B5-9B4B-B7BAD725F0EF}.Release|x86.Build.0 = Release|Win32
		{237BC139-055B-44F2-BF96-295173F50AEA}.Debug|x64.ActiveCfg = Debug|x64
		{237BC139-055B-44F2-BF96-295173F50AEA}.Debug|x64.Build.0 = Debug|x64
		{237BC139-055B-44F2-BF96-295173F50AEA}.Debug|x86.ActiveCfg = Debug|Win32
		{237BC139-055B-44F2-BF96-295173F50AEA}.Debug|x86.Build.0 = Debug|Win32
		{237BC139-055B-44F2-BF96-295173F50AEA}.Release|x64.ActiveCfg = Release|x64
		{237BC139-055B-44F2-BF96-295173F50AEA}.Release|x64.Build.0 = Release|x64
		{237BC139-055B-44F2-BF96-295173F50AEA}.Release|x86.ActiveCfg = Release|Win32
		{237BC139-055B-44F2-BF96-295173F50AEA}.Release|x86.Build.0 = Release|Win32
	EndGlobalSection
	GlobalSection(SolutionProperties) = preSolution
		HideSolutionNode = FALSE
	EndGlobalSection
	GlobalSection(ExtensibilityGlobals) = postSolution
		SolutionGuid = {1D9EABA6-93E7-4C64-BBB4-3E6205EE4458}
	EndGlobalSection
EndGlobal
