
Microsoft Visual Studio Solution File, Format Version 12.00
# Visual Studio Version 17
VisualStudioVersion = 17.14.36518.9
MinimumVisualStudioVersion = 10.0.40219.1
Project("{8BC9CEB8-8B4A-11D0-8D11-00A0C91BC942}") = "Ex01_Soma", "Ex01_Soma\Ex01_Soma.vcxproj", "{141A4E76-6CDD-4080-ACCC-1E61870057D7}"
EndProject
Project("{8BC9CEB8-8B4A-11D0-8D11-00A0C91BC942}") = "Ex02_Divisao", "Ex02_Divisao\Ex02_Divisao.vcxproj", "{F8D59EE2-43E3-453E-9A0D-30B54CC2A989}"
EndProject
Project("{8BC9CEB8-8B4A-11D0-8D11-00A0C91BC942}") = "GabiELucca", "GabiELucca\GabiELucca.vcxproj", "{ADA8737A-FAD1-4609-A4E1-E7847E2B220E}"
EndProject
Global
	GlobalSection(SolutionConfigurationPlatforms) = preSolution
		Debug|x64 = Debug|x64
		Debug|x86 = Debug|x86
		Release|x64 = Release|x64
		Release|x86 = Release|x86
	EndGlobalSection
	GlobalSection(ProjectConfigurationPlatforms) = postSolution
		{141A4E76-6CDD-4080-ACCC-1E61870057D7}.Debug|x64.ActiveCfg = Debug|x64
		{141A4E76-6CDD-4080-ACCC-1E61870057D7}.Debug|x64.Build.0 = Debug|x64
		{141A4E76-6CDD-4080-ACCC-1E61870057D7}.Debug|x86.ActiveCfg = Debug|Win32
		{141A4E76-6CDD-4080-ACCC-1E61870057D7}.Debug|x86.Build.0 = Debug|Win32
		{141A4E76-6CDD-4080-ACCC-1E61870057D7}.Release|x64.ActiveCfg = Release|x64
		{141A4E76-6CDD-4080-ACCC-1E61870057D7}.Release|x64.Build.0 = Release|x64
		{141A4E76-6CDD-4080-ACCC-1E61870057D7}.Release|x86.ActiveCfg = Release|Win32
		{141A4E76-6CDD-4080-ACCC-1E61870057D7}.Release|x86.Build.0 = Release|Win32
		{F8D59EE2-43E3-453E-9A0D-30B54CC2A989}.Debug|x64.ActiveCfg = Debug|x64
		{F8D59EE2-43E3-453E-9A0D-30B54CC2A989}.Debug|x64.Build.0 = Debug|x64
		{F8D59EE2-43E3-453E-9A0D-30B54CC2A989}.Debug|x86.ActiveCfg = Debug|Win32
		{F8D59EE2-43E3-453E-9A0D-30B54CC2A989}.Debug|x86.Build.0 = Debug|Win32
		{F8D59EE2-43E3-453E-9A0D-30B54CC2A989}.Release|x64.ActiveCfg = Release|x64
		{F8D59EE2-43E3-453E-9A0D-30B54CC2A989}.Release|x64.Build.0 = Release|x64
		{F8D59EE2-43E3-453E-9A0D-30B54CC2A989}.Release|x86.ActiveCfg = Release|Win32
		{F8D59EE2-43E3-453E-9A0D-30B54CC2A989}.Release|x86.Build.0 = Release|Win32
		{ADA8737A-FAD1-4609-A4E1-E7847E2B220E}.Debug|x64.ActiveCfg = Debug|x64
		{ADA8737A-FAD1-4609-A4E1-E7847E2B220E}.Debug|x64.Build.0 = Debug|x64
		{ADA8737A-FAD1-4609-A4E1-E7847E2B220E}.Debug|x86.ActiveCfg = Debug|Win32
		{ADA8737A-FAD1-4609-A4E1-E7847E2B220E}.Debug|x86.Build.0 = Debug|Win32
		{ADA8737A-FAD1-4609-A4E1-E7847E2B220E}.Release|x64.ActiveCfg = Release|x64
		{ADA8737A-FAD1-4609-A4E1-E7847E2B220E}.Release|x64.Build.0 = Release|x64
		{ADA8737A-FAD1-4609-A4E1-E7847E2B220E}.Release|x86.ActiveCfg = Release|Win32
		{ADA8737A-FAD1-4609-A4E1-E7847E2B220E}.Release|x86.Build.0 = Release|Win32
	EndGlobalSection
	GlobalSection(SolutionProperties) = preSolution
		HideSolutionNode = FALSE
	EndGlobalSection
	GlobalSection(ExtensibilityGlobals) = postSolution
		SolutionGuid = {42410512-5E08-4773-BADA-606667665807}
	EndGlobalSection
EndGlobal
